// !$*UTF8*$!
{
	archiveVersion = 1;
	classes = {
	};
	objectVersion = 50;
	objects = {

/* Begin PBXBuildFile section */
		66C08B74228AB84700D7688D /* AppDelegate.swift in Sources */ = {isa = PBXBuildFile; fileRef = 66C08B73228AB84700D7688D /* AppDelegate.swift */; };
		66C08B76228AB84700D7688D /* ViewController.swift in Sources */ = {isa = PBXBuildFile; fileRef = 66C08B75228AB84700D7688D /* ViewController.swift */; };
		66C08B79228AB84700D7688D /* Main.storyboard in Resources */ = {isa = PBXBuildFile; fileRef = 66C08B77228AB84700D7688D /* Main.storyboard */; };
		66C08B7B228AB84A00D7688D /* Assets.xcassets in Resources */ = {isa = PBXBuildFile; fileRef = 66C08B7A228AB84A00D7688D /* Assets.xcassets */; };
		66C08B7E228AB84A00D7688D /* LaunchScreen.storyboard in Resources */ = {isa = PBXBuildFile; fileRef = 66C08B7C228AB84A00D7688D /* LaunchScreen.storyboard */; };
		66C08B86228ABE7600D7688D /* DigitContentView.swift in Sources */ = {isa = PBXBuildFile; fileRef = 66C08B85228ABE7600D7688D /* DigitContentView.swift */; };
		66C08B88228AC4FF00D7688D /* DigitView.swift in Sources */ = {isa = PBXBuildFile; fileRef = 66C08B87228AC4FF00D7688D /* DigitView.swift */; };
/* End PBXBuildFile section */

/* Begin PBXFileReference section */
		66C08B70228AB84700D7688D /* ScrollCounterSwift.app */ = {isa = PBXFileReference; explicitFileType = wrapper.application; includeInIndex = 0; path = ScrollCounterSwift.app; sourceTree = BUILT_PRODUCTS_DIR; };
		66C08B73228AB84700D7688D /* AppDelegate.swift */ = {isa = PBXFileReference; lastKnownFileType = sourcecode.swift; path = AppDelegate.swift; sourceTree = "<group>"; };
		66C08B75228AB84700D7688D /* ViewController.swift */ = {isa = PBXFileReference; lastKnownFileType = sourcecode.swift; path = ViewController.swift; sourceTree = "<group>"; };
		66C08B78228AB84700D7688D /* Base */ = {isa = PBXFileReference; lastKnownFileType = file.storyboard; name = Base; path = Base.lproj/Main.storyboard; sourceTree = "<group>"; };
		66C08B7A228AB84A00D7688D /* Assets.xcassets */ = {isa = PBXFileReference; lastKnownFileType = folder.assetcatalog; path = Assets.xcassets; sourceTree = "<group>"; };
		66C08B7D228AB84A00D7688D /* Base */ = {isa = PBXFileReference; lastKnownFileType = file.storyboard; name = Base; path = Base.lproj/LaunchScreen.storyboard; sourceTree = "<group>"; };
		66C08B7F228AB84A00D7688D /* Info.plist */ = {isa = PBXFileReference; lastKnownFileType = text.plist.xml; path = Info.plist; sourceTree = "<group>"; };
		66C08B85228ABE7600D7688D /* DigitContentView.swift */ = {isa = PBXFileReference; lastKnownFileType = sourcecode.swift; path = DigitContentView.swift; sourceTree = "<group>"; };
		66C08B87228AC4FF00D7688D /* DigitView.swift */ = {isa = PBXFileReference; lastKnownFileType = sourcecode.swift; path = DigitView.swift; sourceTree = "<group>"; };
/* End PBXFileReference section */

/* Begin PBXFrameworksBuildPhase section */
		66C08B6D228AB84700D7688D /* Frameworks */ = {
			isa = PBXFrameworksBuildPhase;
			buildActionMask = 2147483647;
			files = (
			);
			runOnlyForDeploymentPostprocessing = 0;
		};
/* End PBXFrameworksBuildPhase section */

/* Begin PBXGroup section */
		66C08B67228AB84700D7688D = {
			isa = PBXGroup;
			children = (
				66C08B72228AB84700D7688D /* ScrollCounterSwift */,
				66C08B71228AB84700D7688D /* Products */,
			);
			sourceTree = "<group>";
		};
		66C08B71228AB84700D7688D /* Products */ = {
			isa = PBXGroup;
			children = (
				66C08B70228AB84700D7688D /* ScrollCounterSwift.app */,
			);
			name = Products;
			sourceTree = "<group>";
		};
		66C08B72228AB84700D7688D /* ScrollCounterSwift */ = {
			isa = PBXGroup;
			children = (
				66C08B73228AB84700D7688D /* AppDelegate.swift */,
				66C08B75228AB84700D7688D /* ViewController.swift */,
				66C08B85228ABE7600D7688D /* DigitContentView.swift */,
				66C08B87228AC4FF00D7688D /* DigitView.swift */,
				66C08B77228AB84700D7688D /* Main.storyboard */,
				66C08B7A228AB84A00D7688D /* Assets.xcassets */,
				66C08B7C228AB84A00D7688D /* LaunchScreen.storyboard */,
				66C08B7F228AB84A00D7688D /* Info.plist */,
			);
			path = ScrollCounterSwift;
			sourceTree = "<group>";
		};
/* End PBXGroup section */

/* Begin PBXNativeTarget section */
		66C08B6F228AB84700D7688D /* ScrollCounterSwift */ = {
			isa = PBXNativeTarget;
			buildConfigurationList = 66C08B82228AB84A00D7688D /* Build configuration list for PBXNativeTarget "ScrollCounterSwift" */;
			buildPhases = (
				66C08B6C228AB84700D7688D /* Sources */,
				66C08B6D228AB84700D7688D /* Frameworks */,
				66C08B6E228AB84700D7688D /* Resources */,
			);
			buildRules = (
			);
			dependencies = (
			);
			name = ScrollCounterSwift;
			productName = ScrollCounterSwift;
			productReference = 66C08B70228AB84700D7688D /* ScrollCounterSwift.app */;
			productType = "com.apple.product-type.application";
		};
/* End PBXNativeTarget section */

/* Begin PBXProject section */
		66C08B68228AB84700D7688D /* Project object */ = {
			isa = PBXProject;
			attributes = {
				LastSwiftUpdateCheck = 1020;
				LastUpgradeCheck = 1020;
				ORGANIZATIONNAME = "Georgy Dyagilev";
				TargetAttributes = {
					66C08B6F228AB84700D7688D = {
						CreatedOnToolsVersion = 10.2.1;
					};
				};
			};
			buildConfigurationList = 66C08B6B228AB84700D7688D /* Build configuration list for PBXProject "ScrollCounterSwift" */;
			compatibilityVersion = "Xcode 9.3";
			developmentRegion = en;
			hasScannedForEncodings = 0;
			knownRegions = (
				en,
				Base,
			);
			mainGroup = 66C08B67228AB84700D7688D;
			productRefGroup = 66C08B71228AB84700D7688D /* Products */;
			projectDirPath = "";
			projectRoot = "";
			targets = (
				66C08B6F228AB84700D7688D /* ScrollCounterSwift */,
			);
		};
/* End PBXProject section */

/* Begin PBXResourcesBuildPhase section */
		66C08B6E228AB84700D7688D /* Resources */ = {
			isa = PBXResourcesBuildPhase;
			buildActionMask = 2147483647;
			files = (
				66C08B7E228AB84A00D7688D /* LaunchScreen.storyboard in Resources */,
				66C08B7B228AB84A00D7688D /* Assets.xcassets in Resources */,
				66C08B79228AB84700D7688D /* Main.storyboard in Resources */,
			);
			runOnlyForDeploymentPostprocessing = 0;
		};
/* End PBXResourcesBuildPhase section */

/* Begin PBXSourcesBuildPhase section */
		66C08B6C228AB84700D7688D /* Sources */ = {
			isa = PBXSourcesBuildPhase;
			buildActionMask = 2147483647;
			files = (
				66C08B76228AB84700D7688D /* ViewController.swift in Sources */,
				66C08B86228ABE7600D7688D /* DigitContentView.swift in Sources */,
				66C08B88228AC4FF00D7688D /* DigitView.swift in Sources */,
				66C08B74228AB84700D7688D /* AppDelegate.swift in Sources */,
			);
			runOnlyForDeploymentPostprocessing = 0;
		};
/* End PBXSourcesBuildPhase section */

/* Begin PBXVariantGroup section */
		66C08B77228AB84700D7688D /* Main.storyboard */ = {
			isa = PBXVariantGroup;
			children = (
				66C08B78228AB84700D7688D /* Base */,
			);
			name = Main.storyboard;
			sourceTree = "<group>";
		};
		66C08B7C228AB84A00D7688D /* LaunchScreen.storyboard */ = {
			isa = PBXVariantGroup;
			children = (
				66C08B7D228AB84A00D7688D /* Base */,
			);
			name = LaunchScreen.storyboard;
			sourceTree = "<group>";
		};
/* End PBXVariantGroup section */

/* Begin XCBuildConfiguration section */
		66C08B80228AB84A00D7688D /* Debug */ = {
			isa = XCBuildConfiguration;
			buildSettings = {
				ALWAYS_SEARCH_USER_PATHS = NO;
				CLANG_ANALYZER_NONNULL = YES;
				CLANG_ANALYZER_NUMBER_OBJECT_CONVERSION = YES_AGGRESSIVE;
				CLANG_CXX_LANGUAGE_STANDARD = "gnu++14";
				CLANG_CXX_LIBRARY = "libc++";
				CLANG_ENABLE_MODULES = YES;
				CLANG_ENABLE_OBJC_ARC = YES;
				CLANG_ENABLE_OBJC_WEAK = YES;
				CLANG_WARN_BLOCK_CAPTURE_AUTORELEASING = YES;
				CLANG_WARN_BOOL_CONVERSION = YES;
				CLANG_WARN_COMMA = YES;
				CLANG_WARN_CONSTANT_CONVERSION = YES;
				CLANG_WARN_DEPRECATED_OBJC_IMPLEMENTATIONS = YES;
				CLANG_WARN_DIRECT_OBJC_ISA_USAGE = YES_ERROR;
				CLANG_WARN_DOCUMENTATION_COMMENTS = YES;
				CLANG_WARN_EMPTY_BODY = YES;
				CLANG_WARN_ENUM_CONVERSION = YES;
				CLANG_WARN_INFINITE_RECURSION = YES;
				CLANG_WARN_INT_CONVERSION = YES;
				CLANG_WARN_NON_LITERAL_NULL_CONVERSION = YES;
				CLANG_WARN_OBJC_IMPLICIT_RETAIN_SELF = YES;
				CLANG_WARN_OBJC_LITERAL_CONVERSION = YES;
				CLANG_WARN_OBJC_ROOT_CLASS = YES_ERROR;
				CLANG_WARN_RANGE_LOOP_ANALYSIS = YES;
				CLANG_WARN_STRICT_PROTOTYPES = YES;
				CLANG_WARN_SUSPICIOUS_MOVE = YES;
				CLANG_WARN_UNGUARDED_AVAILABILITY = YES_AGGRESSIVE;
				CLANG_WARN_UNREACHABLE_CODE = YES;
				CLANG_WARN__DUPLICATE_METHOD_MATCH = YES;
				CODE_SIGN_IDENTITY = "iPhone Developer";
				COPY_PHASE_STRIP = NO;
				DEBUG_INFORMATION_FORMAT = dwarf;
				ENABLE_STRICT_OBJC_MSGSEND = YES;
				ENABLE_TESTABILITY = YES;
				GCC_C_LANGUAGE_STANDARD = gnu11;
				GCC_DYNAMIC_NO_PIC = NO;
				GCC_NO_COMMON_BLOCKS = YES;
				GCC_OPTIMIZATION_LEVEL = 0;
				GCC_PREPROCESSOR_DEFINITIONS = (
					"DEBUG=1",
					"$(inherited)",
				);
				GCC_WARN_64_TO_32_BIT_CONVERSION = YES;
				GCC_WARN_ABOUT_RETURN_TYPE = YES_ERROR;
				GCC_WARN_UNDECLARED_SELECTOR = YES;
				GCC_WARN_UNINITIALIZED_AUTOS = YES_AGGRESSIVE;
				GCC_WARN_UNUSED_FUNCTION = YES;
				GCC_WARN_UNUSED_VARIABLE = YES;
				IPHONEOS_DEPLOYMENT_TARGET = 12.2;
				MTL_ENABLE_DEBUG_INFO = INCLUDE_SOURCE;
				MTL_FAST_MATH = YES;
				ONLY_ACTIVE_ARCH = YES;
				SDKROOT = iphoneos;
				SWIFT_ACTIVE_COMPILATION_CONDITIONS = DEBUG;
				SWIFT_OPTIMIZATION_LEVEL = "-Onone";
			};
			name = Debug;
		};
		66C08B81228AB84A00D7688D /* Release */ = {
			isa = XCBuildConfiguration;
			buildSettings = {
				ALWAYS_SEARCH_USER_PATHS = NO;
				CLANG_ANALYZER_NONNULL = YES;
				CLANG_ANALYZER_NUMBER_OBJECT_CONVERSION = YES_AGGRESSIVE;
				CLANG_CXX_LANGUAGE_STANDARD = "gnu++14";
				CLANG_CXX_LIBRARY = "libc++";
				CLANG_ENABLE_MODULES = YES;
				CLANG_ENABLE_OBJC_ARC = YES;
				CLANG_ENABLE_OBJC_WEAK = YES;
				CLANG_WARN_BLOCK_CAPTURE_AUTORELEASING = YES;
				CLANG_WARN_BOOL_CONVERSION = YES;
				CLANG_WARN_COMMA = YES;
				CLANG_WARN_CONSTANT_CONVERSION = YES;
				CLANG_WARN_DEPRECATED_OBJC_IMPLEMENTATIONS = YES;
				CLANG_WARN_DIRECT_OBJC_ISA_USAGE = YES_ERROR;
				CLANG_WARN_DOCUMENTATION_COMMENTS = YES;
				CLANG_WARN_EMPTY_BODY = YES;
				CLANG_WARN_ENUM_CONVERSION = YES;
				CLANG_WARN_INFINITE_RECURSION = YES;
				CLANG_WARN_INT_CONVERSION = YES;
				CLANG_WARN_NON_LITERAL_NULL_CONVERSION = YES;
				CLANG_WARN_OBJC_IMPLICIT_RETAIN_SELF = YES;
				CLANG_WARN_OBJC_LITERAL_CONVERSION = YES;
				CLANG_WARN_OBJC_ROOT_CLASS = YES_ERROR;
				CLANG_WARN_RANGE_LOOP_ANALYSIS = YES;
				CLANG_WARN_STRICT_PROTOTYPES = YES;
				CLANG_WARN_SUSPICIOUS_MOVE = YES;
				CLANG_WARN_UNGUARDED_AVAILABILITY = YES_AGGRESSIVE;
				CLANG_WARN_UNREACHABLE_CODE = YES;
				CLANG_WARN__DUPLICATE_METHOD_MATCH = YES;
				CODE_SIGN_IDENTITY = "iPhone Developer";
				COPY_PHASE_STRIP = NO;
				DEBUG_INFORMATION_FORMAT = "dwarf-with-dsym";
				ENABLE_NS_ASSERTIONS = NO;
				ENABLE_STRICT_OBJC_MSGSEND = YES;
				GCC_C_LANGUAGE_STANDARD = gnu11;
				GCC_NO_COMMON_BLOCKS = YES;
				GCC_WARN_64_TO_32_BIT_CONVERSION = YES;
				GCC_WARN_ABOUT_RETURN_TYPE = YES_ERROR;
				GCC_WARN_UNDECLARED_SELECTOR = YES;
				GCC_WARN_UNINITIALIZED_AUTOS = YES_AGGRESSIVE;
				GCC_WARN_UNUSED_FUNCTION = YES;
				GCC_WARN_UNUSED_VARIABLE = YES;
				IPHONEOS_DEPLOYMENT_TARGET = 12.2;
				MTL_ENABLE_DEBUG_INFO = NO;
				MTL_FAST_MATH = YES;
				SDKROOT = iphoneos;
				SWIFT_COMPILATION_MODE = wholemodule;
				SWIFT_OPTIMIZATION_LEVEL = "-O";
				VALIDATE_PRODUCT = YES;
			};
			name = Release;
		};
		66C08B83228AB84A00D7688D /* Debug */ = {
			isa = XCBuildConfiguration;
			buildSettings = {
				ASSETCATALOG_COMPILER_APPICON_NAME = AppIcon;
				CODE_SIGN_STYLE = Automatic;
				DEVELOPMENT_TEAM = R33FU4964X;
				INFOPLIST_FILE = ScrollCounterSwift/Info.plist;
				LD_RUNPATH_SEARCH_PATHS = (
					"$(inherited)",
					"@executable_path/Frameworks",
				);
				PRODUCT_BUNDLE_IDENTIFIER = "Dyagilev-dev.ScrollCounterSwift";
				PRODUCT_NAME = "$(TARGET_NAME)";
				SWIFT_VERSION = 5.0;
				TARGETED_DEVICE_FAMILY = "1,2";
			};
			name = Debug;
		};
		66C08B84228AB84A00D7688D /* Release */ = {
			isa = XCBuildConfiguration;
			buildSettings = {
				ASSETCATALOG_COMPILER_APPICON_NAME = AppIcon;
				CODE_SIGN_STYLE = Automatic;
				DEVELOPMENT_TEAM = R33FU4964X;
				INFOPLIST_FILE = ScrollCounterSwift/Info.plist;
				LD_RUNPATH_SEARCH_PATHS = (
					"$(inherited)",
					"@executable_path/Frameworks",
				);
				PRODUCT_BUNDLE_IDENTIFIER = "Dyagilev-dev.ScrollCounterSwift";
				PRODUCT_NAME = "$(TARGET_NAME)";
				SWIFT_VERSION = 5.0;
				TARGETED_DEVICE_FAMILY = "1,2";
			};
			name = Release;
		};
/* End XCBuildConfiguration section */

/* Begin XCConfigurationList section */
		66C08B6B228AB84700D7688D /* Build configuration list for PBXProject "ScrollCounterSwift" */ = {
			isa = XCConfigurationList;
			buildConfigurations = (
				66C08B80228AB84A00D7688D /* Debug */,
				66C08B81228AB84A00D7688D /* Release */,
			);
			defaultConfigurationIsVisible = 0;
			defaultConfigurationName = Release;
		};
		66C08B82228AB84A00D7688D /* Build configuration list for PBXNativeTarget "ScrollCounterSwift" */ = {
			isa = XCConfigurationList;
			buildConfigurations = (
				66C08B83228AB84A00D7688D /* Debug */,
				66C08B84228AB84A00D7688D /* Release */,
			);
			defaultConfigurationIsVisible = 0;
			defaultConfigurationName = Release;
		};
/* End XCConfigurationList section */
	};
	rootObject = 66C08B68228AB84700D7688D /* Project object */;
}
